# THIS IS AN AUTOGENERATED FILE. DO NOT EDIT THIS FILE DIRECTLY.
# yarn lockfile v1


hoc-little-router@^1.2.1:
  version "1.2.1"
  resolved "https://registry.yarnpkg.com/hoc-little-router/-/hoc-little-router-1.2.1.tgz#a4c04ec972ec567a63be53a1510e76ac8c1857e5"
  integrity sha512-chC/bsQKSHTc0U63eCPm7trhl0NubeMg9hAWNfoRj5hUu4okuQnl2JzkfHK8ySemFMDph46aoM8/0xlGeFGALQ==
