# THIS IS AN AUTOGENERATED FILE. DO NOT EDIT THIS FILE DIRECTLY.
# yarn lockfile v1


marcel-plugin@^1.0.0:
  version "1.0.0"
  resolved "https://registry.yarnpkg.com/marcel-plugin/-/marcel-plugin-1.0.0.tgz#f9aac295b036286d83c413b12c522b7b1f39085f"
  integrity sha512-2RYhLWsQW+7PiYfPgoi0B2IfQKZnU6fRbLvS8KTO88qvFY/6J/XneYICir96iaAKCRlVymCOr+V0QbwWinEUmA==
